
Microsoft Visual Studio Solution File, Format Version 12.00
Project("{FAE04EC0-301F-11D3-BF4B-00C04F79EFBC}") = "XenogenesNotBodyMod", "Source\XenogenesNotBodyMod.csproj", "{7291FC71-DA4D-40D6-A478-DD7850A1339E}"
EndProject
Global
	GlobalSection(SolutionConfigurationPlatforms) = preSolution
		Debug|Any CPU = Debug|Any CPU
		Release|Any CPU = Release|Any CPU
	EndGlobalSection
	GlobalSection(ProjectConfigurationPlatforms) = postSolution
		{7291FC71-DA4D-40D6-A478-DD7850A1339E}.Debug|Any CPU.ActiveCfg = Debug|Any CPU
		{7291FC71-DA4D-40D6-A478-DD7850A1339E}.Debug|Any CPU.Build.0 = Debug|Any CPU
		{7291FC71-DA4D-40D6-A478-DD7850A1339E}.Release|Any CPU.ActiveCfg = Release|Any CPU
		{7291FC71-DA4D-40D6-A478-DD7850A1339E}.Release|Any CPU.Build.0 = Release|Any CPU
	EndGlobalSection
EndGlobal
